# THIS IS AN AUTOGENERATED FILE. DO NOT EDIT THIS FILE DIRECTLY.
# yarn lockfile v1


highlight.js@>=10.4.1:
  version "10.7.2"
  resolved "https://registry.yarnpkg.com/highlight.js/-/highlight.js-10.7.2.tgz#89319b861edc66c48854ed1e6da21ea89f847360"
  integrity sha512-oFLl873u4usRM9K63j4ME9u3etNF0PLiJhSQ8rdfuL51Wn3zkD6drf9ZW0dOzjnZI22YYG24z30JcmfCZjMgYg==

lit-element@^2.0.1:
  version "2.4.0"
  resolved "https://registry.yarnpkg.com/lit-element/-/lit-element-2.4.0.tgz#b22607a037a8fc08f5a80736dddf7f3f5d401452"
  integrity sha512-pBGLglxyhq/Prk2H91nA0KByq/hx/wssJBQFiYqXhGDvEnY31PRGYf1RglVzyLeRysu0IHm2K0P196uLLWmwFg==
  dependencies:
    lit-html "^1.1.1"

lit-html@^1.1.1:
  version "1.3.0"
  resolved "https://registry.yarnpkg.com/lit-html/-/lit-html-1.3.0.tgz#c80f3cc5793a6dea6c07172be90a70ab20e56034"
  integrity sha512-0Q1bwmaFH9O14vycPHw8C/IeHMk/uSDldVLIefu/kfbTBGIc44KGH6A8p1bDfxUfHdc8q6Ct7kQklWoHgr4t1Q==
