{
	"name": "@evergreen-wc/layout",
	"version": "0.0.6",
	"lockfileVersion": 1,
	"requires": true,
	"dependencies": {
		"@evergreen-wc/eve-card": {
			"version": "0.0.6",
			"resolved": "https://registry.npmjs.org/@evergreen-wc/eve-card/-/eve-card-0.0.6.tgz",
			"integrity": "sha512-1P50fl3fuFlu2W8W0RwOM3G2Hgpc5Vnxi6RQZ0kAkZTim9soZHq/cHHZGWbLZI+hbMtXNoSskOSn8HTNqs5g3Q==",
			"requires": {
				"@polymer/lit-element": "^0.6.5"
			}
		},
		"@polymer/lit-element": {
			"version": "0.6.5",
			"resolved": "https://registry.npmjs.org/@polymer/lit-element/-/lit-element-0.6.5.tgz",
			"integrity": "sha512-KVjuU/5Ugp6PFob6YEe1/B4GCKjqhEy9Tj954shL6d3DohT2sNAmbX9QfbXvcZ8RhbVELK6dzbN3i2BRA3mOKg==",
			"requires": {
				"lit-html": "^1.0.0-rc.1"
			}
		},
		"lit-element": {
			"version": "2.0.1",
			"resolved": "https://registry.npmjs.org/lit-element/-/lit-element-2.0.1.tgz",
			"integrity": "sha512-2bu3B2ZYUZgntvOgu3i5mRK8geo45CLUwxwJEYK54hyednoJasjiTZPB13NBg1D+hNM2JfmWTWJnh1QEUQv7zw==",
			"requires": {
				"lit-html": "^1.0.0"
			},
			"dependencies": {
				"lit-html": {
					"version": "1.0.0",
					"resolved": "https://registry.npmjs.org/lit-html/-/lit-html-1.0.0.tgz",
					"integrity": "sha512-oeWlpLmBW3gFl7979Wol2LKITpmKTUFNn7PnFbh6YNynF61W74l6x5WhwItAwPRSATpexaX1egNnRzlN4GOtfQ=="
				}
			}
		},
		"lit-html": {
			"version": "1.0.0-rc.1",
			"resolved": "https://registry.npmjs.org/lit-html/-/lit-html-1.0.0-rc.1.tgz",
			"integrity": "sha512-Qyu+lHpRtJS3Addw56rK68KgZ5cdxTfRDmYNwd8gRQBImdhkE0uyqIT5usLE9YDezFeYVqgAc2WujOOi8taF1A=="
		}
	}
}
